// !$*UTF8*$!
{
	archiveVersion = 1;
	classes = {
	};
	objectVersion = 46;
	objects = {

/* Begin PBXBuildFile section */
		196593E71F428AA0006F0148 /* hashtable.swift in Sources */ = {isa = PBXBuildFile; fileRef = 196593E61F428AA0006F0148 /* hashtable.swift */; };
		19C33E481F00D9B900124C58 /* AppDelegate.swift in Sources */ = {isa = PBXBuildFile; fileRef = 19C33E471F00D9B900124C58 /* AppDelegate.swift */; };
		19C33E4A1F00D9B900124C58 /* ViewController.swift in Sources */ = {isa = PBXBuildFile; fileRef = 19C33E491F00D9B900124C58 /* ViewController.swift */; };
		19C33E4D1F00D9B900124C58 /* Main.storyboard in Resources */ = {isa = PBXBuildFile; fileRef = 19C33E4B1F00D9B900124C58 /* Main.storyboard */; };
		19C33E501F00D9B900124C58 /* Swift_algorithms.xcdatamodeld in Sources */ = {isa = PBXBuildFile; fileRef = 19C33E4E1F00D9B900124C58 /* Swift_algorithms.xcdatamodeld */; };
		19C33E521F00D9B900124C58 /* Assets.xcassets in Resources */ = {isa = PBXBuildFile; fileRef = 19C33E511F00D9B900124C58 /* Assets.xcassets */; };
		19C33E551F00D9B900124C58 /* LaunchScreen.storyboard in Resources */ = {isa = PBXBuildFile; fileRef = 19C33E531F00D9B900124C58 /* LaunchScreen.storyboard */; };
		19C33E5F1F00DC7100124C58 /* Example.swift in Sources */ = {isa = PBXBuildFile; fileRef = 19C33E5E1F00DC7100124C58 /* Example.swift */; };
/* End PBXBuildFile section */

/* Begin PBXFileReference section */
		196593E61F428AA0006F0148 /* hashtable.swift */ = {isa = PBXFileReference; fileEncoding = 4; lastKnownFileType = sourcecode.swift; path = hashtable.swift; sourceTree = "<group>"; };
		19C33E441F00D9B900124C58 /* Swift_algorithms.app */ = {isa = PBXFileReference; explicitFileType = wrapper.application; includeInIndex = 0; path = Swift_algorithms.app; sourceTree = BUILT_PRODUCTS_DIR; };
		19C33E471F00D9B900124C58 /* AppDelegate.swift */ = {isa = PBXFileReference; lastKnownFileType = sourcecode.swift; path = AppDelegate.swift; sourceTree = "<group>"; };
		19C33E491F00D9B900124C58 /* ViewController.swift */ = {isa = PBXFileReference; lastKnownFileType = sourcecode.swift; path = ViewController.swift; sourceTree = "<group>"; };
		19C33E4C1F00D9B900124C58 /* Base */ = {isa = PBXFileReference; lastKnownFileType = file.storyboard; name = Base; path = Base.lproj/Main.storyboard; sourceTree = "<group>"; };
		19C33E4F1F00D9B900124C58 /* Swift_algorithms.xcdatamodel */ = {isa = PBXFileReference; lastKnownFileType = wrapper.xcdatamodel; path = Swift_algorithms.xcdatamodel; sourceTree = "<group>"; };
		19C33E511F00D9B900124C58 /* Assets.xcassets */ = {isa = PBXFileReference; lastKnownFileType = folder.assetcatalog; path = Assets.xcassets; sourceTree = "<group>"; };
		19C33E541F00D9B900124C58 /* Base */ = {isa = PBXFileReference; lastKnownFileType = file.storyboard; name = Base; path = Base.lproj/LaunchScreen.storyboard; sourceTree = "<group>"; };
		19C33E561F00D9B900124C58 /* Info.plist */ = {isa = PBXFileReference; lastKnownFileType = text.plist.xml; path = Info.plist; sourceTree = "<group>"; };
		19C33E5E1F00DC7100124C58 /* Example.swift */ = {isa = PBXFileReference; fileEncoding = 4; lastKnownFileType = sourcecode.swift; path = Example.swift; sourceTree = "<group>"; };
/* End PBXFileReference section */

/* Begin PBXFrameworksBuildPhase section */
		19C33E411F00D9B900124C58 /* Frameworks */ = {
			isa = PBXFrameworksBuildPhase;
			buildActionMask = 2147483647;
			files = (
			);
			runOnlyForDeploymentPostprocessing = 0;
		};
/* End PBXFrameworksBuildPhase section */

/* Begin PBXGroup section */
		19C33E3B1F00D9B900124C58 = {
			isa = PBXGroup;
			children = (
				19C33E461F00D9B900124C58 /* Swift_algorithms */,
				19C33E451F00D9B900124C58 /* Products */,
			);
			sourceTree = "<group>";
		};
		19C33E451F00D9B900124C58 /* Products */ = {
			isa = PBXGroup;
			children = (
				19C33E441F00D9B900124C58 /* Swift_algorithms.app */,
			);
			name = Products;
			sourceTree = "<group>";
		};
		19C33E461F00D9B900124C58 /* Swift_algorithms */ = {
			isa = PBXGroup;
			children = (
				19C33E471F00D9B900124C58 /* AppDelegate.swift */,
				19C33E491F00D9B900124C58 /* ViewController.swift */,
				19C33E5E1F00DC7100124C58 /* Example.swift */,
				196593E61F428AA0006F0148 /* hashtable.swift */,
				19C33E4B1F00D9B900124C58 /* Main.storyboard */,
				19C33E511F00D9B900124C58 /* Assets.xcassets */,
				19C33E531F00D9B900124C58 /* LaunchScreen.storyboard */,
				19C33E561F00D9B900124C58 /* Info.plist */,
				19C33E4E1F00D9B900124C58 /* Swift_algorithms.xcdatamodeld */,
			);
			path = Swift_algorithms;
			sourceTree = "<group>";
		};
/* End PBXGroup section */

/* Begin PBXNativeTarget section */
		19C33E431F00D9B900124C58 /* Swift_algorithms */ = {
			isa = PBXNativeTarget;
			buildConfigurationList = 19C33E591F00D9B900124C58 /* Build configuration list for PBXNativeTarget "Swift_algorithms" */;
			buildPhases = (
				19C33E401F00D9B900124C58 /* Sources */,
				19C33E411F00D9B900124C58 /* Frameworks */,
				19C33E421F00D9B900124C58 /* Resources */,
			);
			buildRules = (
			);
			dependencies = (
			);
			name = Swift_algorithms;
			productName = Swift_algorithms;
			productReference = 19C33E441F00D9B900124C58 /* Swift_algorithms.app */;
			productType = "com.apple.product-type.application";
		};
/* End PBXNativeTarget section */

/* Begin PBXProject section */
		19C33E3C1F00D9B900124C58 /* Project object */ = {
			isa = PBXProject;
			attributes = {
				LastSwiftUpdateCheck = 0830;
				LastUpgradeCheck = 0830;
				ORGANIZATIONNAME = "Vivian Liu";
				TargetAttributes = {
					19C33E431F00D9B900124C58 = {
						CreatedOnToolsVersion = 8.3.2;
						DevelopmentTeam = VXS2P832YK;
						ProvisioningStyle = Automatic;
					};
				};
			};
			buildConfigurationList = 19C33E3F1F00D9B900124C58 /* Build configuration list for PBXProject "Swift_algorithms" */;
			compatibilityVersion = "Xcode 3.2";
			developmentRegion = English;
			hasScannedForEncodings = 0;
			knownRegions = (
				en,
				Base,
			);
			mainGroup = 19C33E3B1F00D9B900124C58;
			productRefGroup = 19C33E451F00D9B900124C58 /* Products */;
			projectDirPath = "";
			projectRoot = "";
			targets = (
				19C33E431F00D9B900124C58 /* Swift_algorithms */,
			);
		};
/* End PBXProject section */

/* Begin PBXResourcesBuildPhase section */
		19C33E421F00D9B900124C58 /* Resources */ = {
			isa = PBXResourcesBuildPhase;
			buildActionMask = 2147483647;
			files = (
				19C33E551F00D9B900124C58 /* LaunchScreen.storyboard in Resources */,
				19C33E521F00D9B900124C58 /* Assets.xcassets in Resources */,
				19C33E4D1F00D9B900124C58 /* Main.storyboard in Resources */,
			);
			runOnlyForDeploymentPostprocessing = 0;
		};
/* End PBXResourcesBuildPhase section */

/* Begin PBXSourcesBuildPhase section */
		19C33E401F00D9B900124C58 /* Sources */ = {
			isa = PBXSourcesBuildPhase;
			buildActionMask = 2147483647;
			files = (
				196593E71F428AA0006F0148 /* hashtable.swift in Sources */,
				19C33E5F1F00DC7100124C58 /* Example.swift in Sources */,
				19C33E4A1F00D9B900124C58 /* ViewController.swift in Sources */,
				19C33E501F00D9B900124C58 /* Swift_algorithms.xcdatamodeld in Sources */,
				19C33E481F00D9B900124C58 /* AppDelegate.swift in Sources */,
			);
			runOnlyForDeploymentPostprocessing = 0;
		};
/* End PBXSourcesBuildPhase section */

/* Begin PBXVariantGroup section */
		19C33E4B1F00D9B900124C58 /* Main.storyboard */ = {
			isa = PBXVariantGroup;
			children = (
				19C33E4C1F00D9B900124C58 /* Base */,
			);
			name = Main.storyboard;
			sourceTree = "<group>";
		};
		19C33E531F00D9B900124C58 /* LaunchScreen.storyboard */ = {
			isa = PBXVariantGroup;
			children = (
				19C33E541F00D9B900124C58 /* Base */,
			);
			name = LaunchScreen.storyboard;
			sourceTree = "<group>";
		};
/* End PBXVariantGroup section */

/* Begin XCBuildConfiguration section */
		19C33E571F00D9B900124C58 /* Debug */ = {
			isa = XCBuildConfiguration;
			buildSettings = {
				ALWAYS_SEARCH_USER_PATHS = NO;
				CLANG_ANALYZER_NONNULL = YES;
				CLANG_ANALYZER_NUMBER_OBJECT_CONVERSION = YES_AGGRESSIVE;
				CLANG_CXX_LANGUAGE_STANDARD = "gnu++0x";
				CLANG_CXX_LIBRARY = "libc++";
				CLANG_ENABLE_MODULES = YES;
				CLANG_ENABLE_OBJC_ARC = YES;
				CLANG_WARN_BOOL_CONVERSION = YES;
				CLANG_WARN_CONSTANT_CONVERSION = YES;
				CLANG_WARN_DIRECT_OBJC_ISA_USAGE = YES_ERROR;
				CLANG_WARN_DOCUMENTATION_COMMENTS = YES;
				CLANG_WARN_EMPTY_BODY = YES;
				CLANG_WARN_ENUM_CONVERSION = YES;
				CLANG_WARN_INFINITE_RECURSION = YES;
				CLANG_WARN_INT_CONVERSION = YES;
				CLANG_WARN_OBJC_ROOT_CLASS = YES_ERROR;
				CLANG_WARN_SUSPICIOUS_MOVE = YES;
				CLANG_WARN_UNREACHABLE_CODE = YES;
				CLANG_WARN__DUPLICATE_METHOD_MATCH = YES;
				"CODE_SIGN_IDENTITY[sdk=iphoneos*]" = "iPhone Developer";
				COPY_PHASE_STRIP = NO;
				DEBUG_INFORMATION_FORMAT = dwarf;
				ENABLE_STRICT_OBJC_MSGSEND = YES;
				ENABLE_TESTABILITY = YES;
				GCC_C_LANGUAGE_STANDARD = gnu99;
				GCC_DYNAMIC_NO_PIC = NO;
				GCC_NO_COMMON_BLOCKS = YES;
				GCC_OPTIMIZATION_LEVEL = 0;
				GCC_PREPROCESSOR_DEFINITIONS = (
					"DEBUG=1",
					"$(inherited)",
				);
				GCC_WARN_64_TO_32_BIT_CONVERSION = YES;
				GCC_WARN_ABOUT_RETURN_TYPE = YES_ERROR;
				GCC_WARN_UNDECLARED_SELECTOR = YES;
				GCC_WARN_UNINITIALIZED_AUTOS = YES_AGGRESSIVE;
				GCC_WARN_UNUSED_FUNCTION = YES;
				GCC_WARN_UNUSED_VARIABLE = YES;
				IPHONEOS_DEPLOYMENT_TARGET = 10.3;
				MTL_ENABLE_DEBUG_INFO = YES;
				ONLY_ACTIVE_ARCH = YES;
				SDKROOT = iphoneos;
				SWIFT_ACTIVE_COMPILATION_CONDITIONS = DEBUG;
				SWIFT_OPTIMIZATION_LEVEL = "-Onone";
			};
			name = Debug;
		};
		19C33E581F00D9B900124C58 /* Release */ = {
			isa = XCBuildConfiguration;
			buildSettings = {
				ALWAYS_SEARCH_USER_PATHS = NO;
				CLANG_ANALYZER_NONNULL = YES;
				CLANG_ANALYZER_NUMBER_OBJECT_CONVERSION = YES_AGGRESSIVE;
				CLANG_CXX_LANGUAGE_STANDARD = "gnu++0x";
				CLANG_CXX_LIBRARY = "libc++";
				CLANG_ENABLE_MODULES = YES;
				CLANG_ENABLE_OBJC_ARC = YES;
				CLANG_WARN_BOOL_CONVERSION = YES;
				CLANG_WARN_CONSTANT_CONVERSION = YES;
				CLANG_WARN_DIRECT_OBJC_ISA_USAGE = YES_ERROR;
				CLANG_WARN_DOCUMENTATION_COMMENTS = YES;
				CLANG_WARN_EMPTY_BODY = YES;
				CLANG_WARN_ENUM_CONVERSION = YES;
				CLANG_WARN_INFINITE_RECURSION = YES;
				CLANG_WARN_INT_CONVERSION = YES;
				CLANG_WARN_OBJC_ROOT_CLASS = YES_ERROR;
				CLANG_WARN_SUSPICIOUS_MOVE = YES;
				CLANG_WARN_UNREACHABLE_CODE = YES;
				CLANG_WARN__DUPLICATE_METHOD_MATCH = YES;
				"CODE_SIGN_IDENTITY[sdk=iphoneos*]" = "iPhone Developer";
				COPY_PHASE_STRIP = NO;
				DEBUG_INFORMATION_FORMAT = "dwarf-with-dsym";
				ENABLE_NS_ASSERTIONS = NO;
				ENABLE_STRICT_OBJC_MSGSEND = YES;
				GCC_C_LANGUAGE_STANDARD = gnu99;
				GCC_NO_COMMON_BLOCKS = YES;
				GCC_WARN_64_TO_32_BIT_CONVERSION = YES;
				GCC_WARN_ABOUT_RETURN_TYPE = YES_ERROR;
				GCC_WARN_UNDECLARED_SELECTOR = YES;
				GCC_WARN_UNINITIALIZED_AUTOS = YES_AGGRESSIVE;
				GCC_WARN_UNUSED_FUNCTION = YES;
				GCC_WARN_UNUSED_VARIABLE = YES;
				IPHONEOS_DEPLOYMENT_TARGET = 10.3;
				MTL_ENABLE_DEBUG_INFO = NO;
				SDKROOT = iphoneos;
				SWIFT_OPTIMIZATION_LEVEL = "-Owholemodule";
				VALIDATE_PRODUCT = YES;
			};
			name = Release;
		};
		19C33E5A1F00D9B900124C58 /* Debug */ = {
			isa = XCBuildConfiguration;
			buildSettings = {
				ASSETCATALOG_COMPILER_APPICON_NAME = AppIcon;
				DEVELOPMENT_TEAM = VXS2P832YK;
				INFOPLIST_FILE = Swift_algorithms/Info.plist;
				LD_RUNPATH_SEARCH_PATHS = "$(inherited) @executable_path/Frameworks";
				PRODUCT_BUNDLE_IDENTIFIER = "com.VivianLiu.Swift-algorithms";
				PRODUCT_NAME = "$(TARGET_NAME)";
				SWIFT_VERSION = 3.0;
			};
			name = Debug;
		};
		19C33E5B1F00D9B900124C58 /* Release */ = {
			isa = XCBuildConfiguration;
			buildSettings = {
				ASSETCATALOG_COMPILER_APPICON_NAME = AppIcon;
				DEVELOPMENT_TEAM = VXS2P832YK;
				INFOPLIST_FILE = Swift_algorithms/Info.plist;
				LD_RUNPATH_SEARCH_PATHS = "$(inherited) @executable_path/Frameworks";
				PRODUCT_BUNDLE_IDENTIFIER = "com.VivianLiu.Swift-algorithms";
				PRODUCT_NAME = "$(TARGET_NAME)";
				SWIFT_VERSION = 3.0;
			};
			name = Release;
		};
/* End XCBuildConfiguration section */

/* Begin XCConfigurationList section */
		19C33E3F1F00D9B900124C58 /* Build configuration list for PBXProject "Swift_algorithms" */ = {
			isa = XCConfigurationList;
			buildConfigurations = (
				19C33E571F00D9B900124C58 /* Debug */,
				19C33E581F00D9B900124C58 /* Release */,
			);
			defaultConfigurationIsVisible = 0;
			defaultConfigurationName = Release;
		};
		19C33E591F00D9B900124C58 /* Build configuration list for PBXNativeTarget "Swift_algorithms" */ = {
			isa = XCConfigurationList;
			buildConfigurations = (
				19C33E5A1F00D9B900124C58 /* Debug */,
				19C33E5B1F00D9B900124C58 /* Release */,
			);
			defaultConfigurationIsVisible = 0;
			defaultConfigurationName = Release;
		};
/* End XCConfigurationList section */

/* Begin XCVersionGroup section */
		19C33E4E1F00D9B900124C58 /* Swift_algorithms.xcdatamodeld */ = {
			isa = XCVersionGroup;
			children = (
				19C33E4F1F00D9B900124C58 /* Swift_algorithms.xcdatamodel */,
			);
			currentVersion = 19C33E4F1F00D9B900124C58 /* Swift_algorithms.xcdatamodel */;
			path = Swift_algorithms.xcdatamodeld;
			sourceTree = "<group>";
			versionGroupType = wrapper.xcdatamodel;
		};
/* End XCVersionGroup section */
	};
	rootObject = 19C33E3C1F00D9B900124C58 /* Project object */;
}
